# Python 3.12 core runtime lock. Update deliberately and test before committing.
annotated-doc==0.0.5
annotated-types==0.8.0
anyio==4.14.2
certifi==2026.7.22
cffi==2.1.1; sys_platform == "linux"
charset-normalizer==3.5.1
click==8.4.2
colorama==0.4.6; platform_system == "Windows"
cryptography==50.0.1; sys_platform == "linux"
fastapi==0.141.1
h11==0.16.0
idna==3.19
jaraco.classes==3.4.0
jaraco.context==6.1.2
jaraco.functools==4.6.0
jeepney==0.9.0; sys_platform == "linux"
keyring==25.7.0
more-itertools==11.1.0
Pillow==12.3.0
pydantic==2.13.4
pydantic_core==2.46.4
pycparser==3.0; sys_platform == "linux"
python-multipart==0.0.32
pywin32-ctypes==0.2.3; sys_platform == "win32"
requests==2.34.2
SecretStorage==3.5.0; sys_platform == "linux"
setuptools==80.9.0
starlette==1.6.0
tzdata==2026.3
typing_extensions==4.16.0
typing-inspection==0.4.4
urllib3==2.7.0
uvicorn==0.52.4
yt-dlp==2026.8.19
